
Microsoft Visual Studio Solution File, Format Version 12.00
# Visual Studio Version 16
VisualStudioVersion = 16.0.30717.126
MinimumVisualStudioVersion = 10.0.40219.1
Project("{888888A0-9F3D-457C-B088-3A5042F75D52}") = "Lab01", "Lab01.pyproj", "{2F2E074E-0418-4343-A910-D6D3F5EA3857}"
EndProject
Global
	GlobalSection(SolutionConfigurationPlatforms) = preSolution
		Debug|Any CPU = Debug|Any CPU
		Release|Any CPU = Release|Any CPU
	EndGlobalSection
	GlobalSection(ProjectConfigurationPlatforms) = postSolution
		{2F2E074E-0418-4343-A910-D6D3F5EA3857}.Debug|Any CPU.ActiveCfg = Debug|Any CPU
		{2F2E074E-0418-4343-A910-D6D3F5EA3857}.Release|Any CPU.ActiveCfg = Release|Any CPU
	EndGlobalSection
	GlobalSection(SolutionProperties) = preSolution
		HideSolutionNode = FALSE
	EndGlobalSection
	GlobalSection(ExtensibilityGlobals) = postSolution
		SolutionGuid = {950EE5A5-ED93-4CE5-99D6-EA6787FD48B8}
	EndGlobalSection
EndGlobal
